schema: '2.0'
stages:
  data_ingestion_stage:
    cmd: python src/shipment_pricing/pipeline/dvc_pipeline/data_ingestion.py
    deps:
    - path: config/
      hash: md5
      md5: 8f061500987819df30951ff2fd02aa13.dir
      size: 4947
      nfiles: 5
    - path: src/shipment_pricing/components/data_ingestion.py
      hash: md5
      md5: 836d955461e96e45997db7a3f0902dc8
      size: 6387
    - path: src/shipment_pricing/entity/artifact_entity.py
      hash: md5
      md5: 865435f36cac359c025976897cefbdd9
      size: 847
    - path: src/shipment_pricing/entity/config_entity.py
      hash: md5
      md5: ac147c0da5295779b9757ec26a8a1686
      size: 6327
    - path: src/shipment_pricing/pipeline/dvc_pipeline/data_ingestion.py
      hash: md5
      md5: 40a683178911b74ae209104db48f5ee3
      size: 1347
    outs:
    - path: artifact/data_ingestion/
      hash: md5
      md5: b8ce6838d7bad53916bf82487f702e3e.dir
      size: 23051184
      nfiles: 4
  data_validation_stage:
    cmd: python src/shipment_pricing/pipeline/dvc_pipeline/data_validation.py
    deps:
    - path: artifact/data_ingestion/
      hash: md5
      md5: b8ce6838d7bad53916bf82487f702e3e.dir
      size: 23051184
      nfiles: 4
    - path: config/
      hash: md5
      md5: 8f061500987819df30951ff2fd02aa13.dir
      size: 4947
      nfiles: 5
    - path: src/shipment_pricing/components/data_validation.py
      hash: md5
      md5: 91bf322d8ed41500d78da4bc2a2b40a8
      size: 9020
    - path: src/shipment_pricing/entity/config_entity.py
      hash: md5
      md5: ac147c0da5295779b9757ec26a8a1686
      size: 6327
    - path: src/shipment_pricing/pipeline/dvc_pipeline/data_validation.py
      hash: md5
      md5: ef641019c59352541ceec669490c0055
      size: 1671
    outs:
    - path: artifact/data_validation/
      hash: md5
      md5: 1c87647030c5dd6066791e993b90121b.dir
      size: 7608882
      nfiles: 2
  data_transformation_stage:
    cmd: python src/shipment_pricing/pipeline/dvc_pipeline/data_transformation.py
    deps:
    - path: artifact/data_validation/
      hash: md5
      md5: 1c87647030c5dd6066791e993b90121b.dir
      size: 7608882
      nfiles: 2
    - path: config/
      hash: md5
      md5: 8f061500987819df30951ff2fd02aa13.dir
      size: 4947
      nfiles: 5
    - path: src/shipment_pricing/components/data_transformation.py
      hash: md5
      md5: d84fe57fbb1a0ab0f4d97a353998ae0a
      size: 24688
    - path: src/shipment_pricing/pipeline/dvc_pipeline/data_transformation.py
      hash: md5
      md5: 87c8b25973dd51f8017fb0b80c91168c
      size: 1896
    outs:
    - path: artifact/data_transformation/
      hash: md5
      md5: 52fd7d4a5d5ae90892f35e85a75e66fa.dir
      size: 9044639
      nfiles: 6
  model_trainer_stage:
    cmd: python src/shipment_pricing/pipeline/dvc_pipeline/model_training.py
    deps:
    - path: artifact/data_transformation/
      hash: md5
      md5: 52fd7d4a5d5ae90892f35e85a75e66fa.dir
      size: 9044639
      nfiles: 6
    - path: config/
      hash: md5
      md5: 8f061500987819df30951ff2fd02aa13.dir
      size: 4947
      nfiles: 5
    - path: src/shipment_pricing/components/model_training.py
      hash: md5
      md5: a74beb081c07079b136adb183e03a5b7
      size: 9090
    - path: src/shipment_pricing/pipeline/dvc_pipeline/model_training.py
      hash: md5
      md5: fd5ffec989fd88bf31abc10c305e80d8
      size: 2639
    outs:
    - path: artifact/model_training/
      hash: md5
      md5: 7ceb2915631feb46bca47091e8cd46e0.dir
      size: 22046669
      nfiles: 2
  param_optimisation_stage:
    cmd: python src/shipment_pricing/pipeline/dvc_pipeline/param_optimize.py
    deps:
    - path: config/
      hash: md5
      md5: 8f061500987819df30951ff2fd02aa13.dir
      size: 4947
      nfiles: 5
    - path: src/shipment_pricing/components/param_optimize.py
      hash: md5
      md5: 0ef04ae3e5c402dc7f263d08912c2b37
      size: 7478
    - path: src/shipment_pricing/pipeline/dvc_pipeline/param_optimize.py
      hash: md5
      md5: 02319395139463385b29c13ede6d56b4
      size: 2985
    params:
      params.yaml:
        parameters.max_depth: 13
        parameters.min_samples_split: 2
        parameters.n_estimators: 50
    outs:
    - path: artifact/param_optimize_dir/
      hash: md5
      md5: 1762097ccc0a8a657553e5d4e30a2b06.dir
      size: 22131639
      nfiles: 2
  model_evaluation:
    cmd: python src/shipment_pricing/pipeline/dvc_pipeline/model_evaluation.py
    deps:
    - path: artifact/param_optimize_dir/
      hash: md5
      md5: 1762097ccc0a8a657553e5d4e30a2b06.dir
      size: 22131639
      nfiles: 2
    - path: config/
      hash: md5
      md5: 8f061500987819df30951ff2fd02aa13.dir
      size: 4947
      nfiles: 5
    - path: src/shipment_pricing/components/model_evaluation.py
      hash: md5
      md5: 7167f7cf5df688587f4e1f64e16c287d
      size: 11884
    - path: src/shipment_pricing/pipeline/dvc_pipeline/model_evaluation.py
      hash: md5
      md5: eb8e0ef93cce132ee5d28773a6c4a353
      size: 1747
    outs:
    - path: artifact/model_evaluation/
      hash: md5
      md5: 1762097ccc0a8a657553e5d4e30a2b06.dir
      size: 22131639
      nfiles: 2
  model_pusher:
    cmd: python src/shipment_pricing/pipeline/dvc_pipeline/model_pusher.py
    deps:
    - path: artifact/model_evaluation/
      hash: md5
      md5: 1762097ccc0a8a657553e5d4e30a2b06.dir
      size: 22131639
      nfiles: 2
    - path: config/
      hash: md5
      md5: 8f061500987819df30951ff2fd02aa13.dir
      size: 4947
      nfiles: 5
    - path: src/shipment_pricing/components/model_pusher.py
      hash: md5
      md5: 087f34ca47acbca06ccfd98228d72227
      size: 1272
    - path: src/shipment_pricing/pipeline/dvc_pipeline/model_pusher.py
      hash: md5
      md5: 2b0112d3ad4ab1b45a087610b1223f31
      size: 1757
