schema: '2.0'
stages:
  data_ingestion_stage:
    cmd: python src/shipment_pricing/pipeline/dvc_pipeline/data_ingestion.py
    deps:
    - path: config/
      hash: md5
      md5: e98d6c54d91fafee58ba769f3f8c0c5e.dir
      size: 4711
      nfiles: 5
    - path: src/shipment_pricing/components/data_ingestion.py
      hash: md5
      md5: 9af3814e892bd02892c3b599eb1c6358
      size: 6064
    - path: src/shipment_pricing/entity/artifact_entity.py
      hash: md5
      md5: d4a6e5e6580ab5676594bd4dd9ea6fcd
      size: 788
    - path: src/shipment_pricing/entity/config_entity.py
      hash: md5
      md5: 903a5b747850a6fe4b45d51f5d076500
      size: 5531
    - path: src/shipment_pricing/pipeline/dvc_pipeline/data_ingestion.py
      hash: md5
      md5: 40a683178911b74ae209104db48f5ee3
      size: 1347
    outs:
    - path: artifact/data_ingestion/
      hash: md5
      md5: b8ce6838d7bad53916bf82487f702e3e.dir
      size: 23051184
      nfiles: 4
  data_validation_stage:
    cmd: python src/shipment_pricing/pipeline/dvc_pipeline/data_validation.py
    deps:
    - path: artifact/data_ingestion/
      hash: md5
      md5: b8ce6838d7bad53916bf82487f702e3e.dir
      size: 23051184
      nfiles: 4
    - path: config/
      hash: md5
      md5: e98d6c54d91fafee58ba769f3f8c0c5e.dir
      size: 4711
      nfiles: 5
    - path: src/shipment_pricing/components/data_validation.py
      hash: md5
      md5: 91bf322d8ed41500d78da4bc2a2b40a8
      size: 9020
    - path: src/shipment_pricing/entity/config_entity.py
      hash: md5
      md5: 903a5b747850a6fe4b45d51f5d076500
      size: 5531
    - path: src/shipment_pricing/pipeline/dvc_pipeline/data_validation.py
      hash: md5
      md5: ef641019c59352541ceec669490c0055
      size: 1671
    outs:
    - path: artifact/data_validation/
      hash: md5
      md5: 1c87647030c5dd6066791e993b90121b.dir
      size: 7608882
      nfiles: 2
  data_transformation_stage:
    cmd: python src/shipment_pricing/pipeline/dvc_pipeline/data_transformation.py
    deps:
    - path: artifact/data_validation/
      hash: md5
      md5: 1c87647030c5dd6066791e993b90121b.dir
      size: 7608882
      nfiles: 2
    - path: config/
      hash: md5
      md5: e98d6c54d91fafee58ba769f3f8c0c5e.dir
      size: 4711
      nfiles: 5
    - path: src/shipment_pricing/components/data_transformation.py
      hash: md5
      md5: d02865361acf583df46f45ba191675a0
      size: 24021
    - path: src/shipment_pricing/pipeline/dvc_pipeline/data_transformation.py
      hash: md5
      md5: 87c8b25973dd51f8017fb0b80c91168c
      size: 1896
    outs:
    - path: artifact/data_transformation/
      hash: md5
      md5: 9dc81f160edc5ab6ad1e680a543de0d3.dir
      size: 9044639
      nfiles: 6
  model_trainer_stage:
    cmd: python src/shipment_pricing/pipeline/dvc_pipeline/model_training.py
    deps:
    - path: artifact/data_transformation/
      hash: md5
      md5: 9dc81f160edc5ab6ad1e680a543de0d3.dir
      size: 9044639
      nfiles: 6
    - path: config/
      hash: md5
      md5: e98d6c54d91fafee58ba769f3f8c0c5e.dir
      size: 4711
      nfiles: 5
    - path: src/shipment_pricing/components/model_training.py
      hash: md5
      md5: f51582cc9fcb6678631d04b18448e0de
      size: 12928
    - path: src/shipment_pricing/pipeline/dvc_pipeline/model_training.py
      hash: md5
      md5: fd5ffec989fd88bf31abc10c305e80d8
      size: 2639
    outs:
    - path: artifact/model_training/
      hash: md5
      md5: a177c61009de4585c8ce8ea087c3acca.dir
      size: 220349467
      nfiles: 2
  param_optimisation_stage:
    cmd: python src/shipment_pricing/pipeline/dvc_pipeline/param_optimize.py
    deps:
    - path: config/
      hash: md5
      md5: e98d6c54d91fafee58ba769f3f8c0c5e.dir
      size: 4711
      nfiles: 5
    - path: src/shipment_pricing/components/param_optimize.py
      hash: md5
      md5: a0865aae275107d7dee7774c6afe1f88
      size: 6107
    - path: src/shipment_pricing/pipeline/dvc_pipeline/param_optimize.py
      hash: md5
      md5: 9a695b2f6787cfc413b58d768502988c
      size: 2362
    params:
      params.yaml:
        parameters.max_depth: 20
        parameters.min_samples_split: 2
        parameters.n_estimators: 500
